
Microsoft Visual Studio Solution File, Format Version 12.00
# Visual Studio 15
VisualStudioVersion = 15.0.27703.2000
MinimumVisualStudioVersion = 10.0.40219.1
Project("{8BC9CEB8-8B4A-11D0-8D11-00A0C91BC942}") = "1430 Notes", "1430 Notes\1430 Notes.vcxproj", "{90032C34-3247-4B76-950C-4708B037E72D}"
EndProject
Global
	GlobalSection(SolutionConfigurationPlatforms) = preSolution
		Debug|x64 = Debug|x64
		Debug|x86 = Debug|x86
		Release|x64 = Release|x64
		Release|x86 = Release|x86
	EndGlobalSection
	GlobalSection(ProjectConfigurationPlatforms) = postSolution
		{90032C34-3247-4B76-950C-4708B037E72D}.Debug|x64.ActiveCfg = Debug|x64
		{90032C34-3247-4B76-950C-4708B037E72D}.Debug|x64.Build.0 = Debug|x64
		{90032C34-3247-4B76-950C-4708B037E72D}.Debug|x86.ActiveCfg = Debug|Win32
		{90032C34-3247-4B76-950C-4708B037E72D}.Debug|x86.Build.0 = Debug|Win32
		{90032C34-3247-4B76-950C-4708B037E72D}.Release|x64.ActiveCfg = Release|x64
		{90032C34-3247-4B76-950C-4708B037E72D}.Release|x64.Build.0 = Release|x64
		{90032C34-3247-4B76-950C-4708B037E72D}.Release|x86.ActiveCfg = Release|Win32
		{90032C34-3247-4B76-950C-4708B037E72D}.Release|x86.Build.0 = Release|Win32
	EndGlobalSection
	GlobalSection(SolutionProperties) = preSolution
		HideSolutionNode = FALSE
	EndGlobalSection
	GlobalSection(ExtensibilityGlobals) = postSolution
		SolutionGuid = {B8E3DEB8-FFD4-42D6-8563-A1DB58BAD36C}
	EndGlobalSection
EndGlobal
