
Microsoft Visual Studio Solution File, Format Version 12.00
# Visual Studio 15
VisualStudioVersion = 15.0.27130.2026
MinimumVisualStudioVersion = 10.0.40219.1
Project("{888888A0-9F3D-457C-B088-3A5042F75D52}") = "in_Class_Assignment_01", "in_Class_Assignment_01\in_Class_Assignment_01.pyproj", "{F0DCE6E7-6A93-412C-89A0-14320565093D}"
EndProject
Global
	GlobalSection(SolutionConfigurationPlatforms) = preSolution
		Debug|Any CPU = Debug|Any CPU
		Release|Any CPU = Release|Any CPU
	EndGlobalSection
	GlobalSection(ProjectConfigurationPlatforms) = postSolution
		{F0DCE6E7-6A93-412C-89A0-14320565093D}.Debug|Any CPU.ActiveCfg = Debug|Any CPU
		{F0DCE6E7-6A93-412C-89A0-14320565093D}.Release|Any CPU.ActiveCfg = Release|Any CPU
	EndGlobalSection
	GlobalSection(SolutionProperties) = preSolution
		HideSolutionNode = FALSE
	EndGlobalSection
	GlobalSection(ExtensibilityGlobals) = postSolution
		SolutionGuid = {3E52F70E-BABA-4404-8954-A0AD883E621C}
	EndGlobalSection
EndGlobal
